
Microsoft Visual Studio Solution File, Format Version 12.00
# Visual Studio Version 17
VisualStudioVersion = 17.4.33110.190
MinimumVisualStudioVersion = 10.0.40219.1
Project("{FAE04EC0-301F-11D3-BF4B-00C04F79EFBC}") = "Dictionaries_Demo", "Dictionaries_Demo\Dictionaries_Demo.csproj", "{4614E53B-67EF-43AC-BFEA-DB8B9BEC6394}"
EndProject
Global
	GlobalSection(SolutionConfigurationPlatforms) = preSolution
		Debug|Any CPU = Debug|Any CPU
		Release|Any CPU = Release|Any CPU
	EndGlobalSection
	GlobalSection(ProjectConfigurationPlatforms) = postSolution
		{4614E53B-67EF-43AC-BFEA-DB8B9BEC6394}.Debug|Any CPU.ActiveCfg = Debug|Any CPU
		{4614E53B-67EF-43AC-BFEA-DB8B9BEC6394}.Debug|Any CPU.Build.0 = Debug|Any CPU
		{4614E53B-67EF-43AC-BFEA-DB8B9BEC6394}.Release|Any CPU.ActiveCfg = Release|Any CPU
		{4614E53B-67EF-43AC-BFEA-DB8B9BEC6394}.Release|Any CPU.Build.0 = Release|Any CPU
	EndGlobalSection
	GlobalSection(SolutionProperties) = preSolution
		HideSolutionNode = FALSE
	EndGlobalSection
	GlobalSection(ExtensibilityGlobals) = postSolution
		SolutionGuid = {8176252D-9C62-4A35-AA11-5762E6EDFA7F}
	EndGlobalSection
EndGlobal
